{
  "version": 4,
  "terraform_version": "1.12.1",
  "serial": 3,
  "lineage": "2ec3d955-f56d-9fab-ba4d-87121bd513fe",
  "outputs": {},
  "resources": [
    {
      "mode": "managed",
      "type": "google_container_cluster",
      "name": "primary",
      "provider": "provider[\"registry.terraform.io/hashicorp/google\"]",
      "instances": [
        {
          "schema_version": 2,
          "attributes": {
            "addons_config": [
              {
                "cloudrun_config": [],
                "config_connector_config": [],
                "dns_cache_config": [],
                "gce_persistent_disk_csi_driver_config": [
                  {
                    "enabled": true
                  }
                ],
                "gcp_filestore_csi_driver_config": [],
                "gcs_fuse_csi_driver_config": [],
                "gke_backup_agent_config": [],
                "horizontal_pod_autoscaling": [],
                "http_load_balancing": [],
                "network_policy_config": [
                  {
                    "disabled": true
                  }
                ],
                "parallelstore_csi_driver_config": [],
                "ray_operator_config": [],
                "stateful_ha_config": []
              }
            ],
            "allow_net_admin": null,
            "authenticator_groups_config": [],
            "binary_authorization": [
              {
                "enabled": false,
                "evaluation_mode": ""
              }
            ],
            "cluster_autoscaling": [
              {
                "auto_provisioning_defaults": [],
                "auto_provisioning_locations": [],
                "autoscaling_profile": "BALANCED",
                "enabled": false,
                "resource_limits": []
              }
            ],
            "cluster_ipv4_cidr": "10.68.0.0/14",
            "confidential_nodes": [],
            "control_plane_endpoints_config": [
              {
                "dns_endpoint_config": [
                  {
                    "allow_external_traffic": false,
                    "endpoint": "gke-59127355c5464d6cbc3a7ba5b461ea22fc3a-495998934591.us-central1.gke.goog"
                  }
                ],
                "ip_endpoints_config": [
                  {
                    "enabled": true
                  }
                ]
              }
            ],
            "cost_management_config": [],
            "database_encryption": [
              {
                "key_name": "",
                "state": "DECRYPTED"
              }
            ],
            "datapath_provider": "",
            "default_max_pods_per_node": 110,
            "default_snat_status": [
              {
                "disabled": false
              }
            ],
            "deletion_protection": true,
            "description": "",
            "disable_l4_lb_firewall_reconciliation": false,
            "dns_config": [],
            "effective_labels": {
              "goog-terraform-provisioned": "true"
            },
            "enable_autopilot": false,
            "enable_cilium_clusterwide_network_policy": false,
            "enable_fqdn_network_policy": false,
            "enable_intranode_visibility": false,
            "enable_k8s_beta_apis": [],
            "enable_kubernetes_alpha": false,
            "enable_l4_ilb_subsetting": false,
            "enable_legacy_abac": false,
            "enable_multi_networking": false,
            "enable_shielded_nodes": true,
            "enable_tpu": false,
            "endpoint": "34.57.140.62",
            "enterprise_config": [
              {
                "cluster_tier": "STANDARD",
                "desired_tier": ""
              }
            ],
            "fleet": [],
            "gateway_api_config": [],
            "id": "projects/devops-project-460606/locations/us-central1/clusters/devops-cluster",
            "identity_service_config": [],
            "in_transit_encryption_config": "",
            "initial_node_count": 1,
            "ip_allocation_policy": [
              {
                "additional_pod_ranges_config": [],
                "cluster_ipv4_cidr_block": "10.68.0.0/14",
                "cluster_secondary_range_name": "gke-devops-cluster-pods-59127355",
                "pod_cidr_overprovision_config": [
                  {
                    "disabled": false
                  }
                ],
                "services_ipv4_cidr_block": "34.118.224.0/20",
                "services_secondary_range_name": "",
                "stack_type": "IPV4"
              }
            ],
            "label_fingerprint": "78cdf2f6",
            "location": "us-central1",
            "logging_config": [
              {
                "enable_components": [
                  "SYSTEM_COMPONENTS",
                  "WORKLOADS"
                ]
              }
            ],
            "logging_service": "logging.googleapis.com/kubernetes",
            "maintenance_policy": [],
            "master_auth": [
              {
                "client_certificate": "",
                "client_certificate_config": [
                  {
                    "issue_client_certificate": false
                  }
                ],
                "client_key": "",
                "cluster_ca_certificate": "LS0tLS1CRUdJTiBDRVJUSUZJQ0FURS0tLS0tCk1JSUVMVENDQXBXZ0F3SUJBZ0lSQUtBTXRJZ0FnR2pyWll6dkpONlBUdzh3RFFZSktvWklodmNOQVFFTEJRQXcKTHpFdE1Dc0dBMVVFQXhNa09UUTVOek5pTVdRdFpHTXdNaTAwWlRCaExXSmlNMlF0TURJM1pUVmxPVEEwWlRFeApNQ0FYRFRJMU1EVXlNakEyTXpFMU9Wb1lEekl3TlRVd05URTFNRGN6TVRVNVdqQXZNUzB3S3dZRFZRUURFeVE1Ck5EazNNMkl4WkMxa1l6QXlMVFJsTUdFdFltSXpaQzB3TWpkbE5XVTVNRFJsTVRFd2dnR2lNQTBHQ1NxR1NJYjMKRFFFQkFRVUFBNElCandBd2dnR0tBb0lCZ1FEWGpuMDJ3WFBITE0wSUhkWFpTT0lmWlM5UXNnUy82b1NhZXhMbworSUJ0ZW82elhZcDdiOGR4dmN6dnVBa2kwaElsU2dTYXJUVTR6YTBqckxHT2YyZ0plbzF5WTI0Z3ZhQkxzcVdGCm1KNWJFQmNNSWxlR3pJdWtZZnV0bVRpbzBvaTJHdnY2V2lLeGs5a2tlaWNlc0NrN0R1NS9YTnJjRzl1OFdaWmkKeEJsOU1EOFZ5REhGZUl1eFl0Rk1QTHM2MnRDMzk3eDZIOHNmSVJjd1ZBSVNkUFYxSkJZdDhTdzJiZTVpT3E2SApacUk5UnhUY0lFV3d0MDVkTEZHS3lkd2g1WFdIM2p6dHVMdTBkYXl4cVlpMFF2c1FrYWxtYWZBbDhOMitnOGtGCnNnQXpOMUlUNXdHRFgvOGJUenBRL2NNWG93RTFKT2pTMkVrT1JTVFQrUXg5dW80Z2REUGVRcjNWVWEyMnJZOTIKMVdRSjJoUlg2R2RMNUY2VGQ2OFEzMGt0UTBpa0toK1laaWs5UTNxVDE0SzNzeW5FcXlOaXdlUmV2dVBMbENnNwpoenEyRUJZQmdQQkNrYis3QjRydE5KNUJSeDMzVmV2VWVGb2Q3RzEySjdLK0JqZHU2eUlYZGtWMVVXVitXRnZuCjRzSXlzVG9NeUVhd0hyWDhSVXpkM1E4bXZEa0NBd0VBQWFOQ01FQXdEZ1lEVlIwUEFRSC9CQVFEQWdJRU1BOEcKQTFVZEV3RUIvd1FGTUFNQkFmOHdIUVlEVlIwT0JCWUVGRG9DRjhtQmgwTUlwa0RMZng0VmNkWXVJOFAyTUEwRwpDU3FHU0liM0RRRUJDd1VBQTRJQmdRQU8rSEJCak8ycDVUdXBkeDZVY0dDcFAvSzRZZ2VvaWNYZzFSZkhxZXJrClFDTGwrMklFN2tUUk9DTHpVaWlJN0daQTNYK01RWEVWOUxPQXB1dHMzVjYyZ2RWbjBGRDdNd1M4a00zWkNWUFYKTm9mSTl6cE9WSUprcUdqa1RGZHlJYVkyVllKUXZWZFdXWVUrZC8wa0puM3h5alQ2QVJaeHdmcE1OR3N4VnVlSQpJWlYrNTdHU3g2WUxyWnlJbDU5V0dQYkdEWTk5cnFrUitvN05pQWhSVitvZXBTN0c3ZnNyUTcyZFlFSkRudzFPClBGcVdGeHdCZk5xMk14TGRRdWFjbnVVUlhzWCtTa0o2M295SFo1UjhtMDBpZWVoSi81TVVtNndrbEsyZEhMZysKNG1QaS9oTVFXRWFJNGZyQWpQNmNFaERBeEhzc2JLSmFUZk5HOHpaUWlrNG4vMkw3UUtjKzZrREtjRTJCVTlYUgpTZWsrOUpWaGQvZkR3bkJvOGl6SEc0VDM2TlhSQ2ZLWGxDOFdSV0xnZ0UzbWtEWUdvb01kejFJbTJudDRqRUdQCkI3Q0xwbGNnc21QY2ZvKzIwMGlHL1JhYnZhNDR5QXJ0ejc3QTJBV3VtSFF1V0VBM1EwWHZpUkRQRXgreHpXVDkKcTNIcTZ4MVR6b0IrQVJrZy85QTh5cm89Ci0tLS0tRU5EIENFUlRJRklDQVRFLS0tLS0K"
              }
            ],
            "master_authorized_networks_config": [],
            "master_version": "1.32.3-gke.1785003",
            "mesh_certificates": [],
            "min_master_version": null,
            "monitoring_config": [
              {
                "advanced_datapath_observability_config": [
                  {
                    "enable_metrics": false,
                    "enable_relay": false
                  }
                ],
                "enable_components": [
                  "SYSTEM_COMPONENTS",
                  "POD",
                  "DAEMONSET",
                  "DEPLOYMENT",
                  "STATEFULSET",
                  "JOBSET",
                  "STORAGE",
                  "HPA",
                  "CADVISOR",
                  "KUBELET",
                  "DCGM"
                ],
                "managed_prometheus": [
                  {
                    "auto_monitoring_config": [],
                    "enabled": true
                  }
                ]
              }
            ],
            "monitoring_service": "monitoring.googleapis.com/kubernetes",
            "name": "devops-cluster",
            "network": "projects/devops-project-460606/global/networks/default",
            "network_policy": [
              {
                "enabled": false,
                "provider": "PROVIDER_UNSPECIFIED"
              }
            ],
            "networking_mode": "VPC_NATIVE",
            "node_config": [
              {
                "advanced_machine_features": [],
                "boot_disk_kms_key": "",
                "confidential_nodes": [],
                "containerd_config": [],
                "disk_size_gb": 100,
                "disk_type": "pd-balanced",
                "effective_taints": [],
                "enable_confidential_storage": false,
                "ephemeral_storage_local_ssd_config": [],
                "fast_socket": [],
                "gcfs_config": [],
                "guest_accelerator": [],
                "gvnic": [],
                "host_maintenance_policy": [],
                "image_type": "COS_CONTAINERD",
                "kubelet_config": [
                  {
                    "allowed_unsafe_sysctls": [],
                    "container_log_max_files": 0,
                    "container_log_max_size": "",
                    "cpu_cfs_quota": false,
                    "cpu_cfs_quota_period": "",
                    "cpu_manager_policy": "",
                    "image_gc_high_threshold_percent": 0,
                    "image_gc_low_threshold_percent": 0,
                    "image_maximum_gc_age": "",
                    "image_minimum_gc_age": "",
                    "insecure_kubelet_readonly_port_enabled": "FALSE",
                    "pod_pids_limit": 0
                  }
                ],
                "labels": {},
                "linux_node_config": [],
                "local_nvme_ssd_block_config": [],
                "local_ssd_count": 0,
                "local_ssd_encryption_mode": "",
                "logging_variant": "DEFAULT",
                "machine_type": "e2-small",
                "max_run_duration": "",
                "metadata": {
                  "disable-legacy-endpoints": "true"
                },
                "min_cpu_platform": "",
                "node_group": "",
                "oauth_scopes": [
                  "https://www.googleapis.com/auth/cloud-platform"
                ],
                "preemptible": false,
                "reservation_affinity": [],
                "resource_labels": {
                  "goog-gke-node-pool-provisioning-model": "on-demand"
                },
                "resource_manager_tags": null,
                "secondary_boot_disks": [],
                "service_account": "default",
                "shielded_instance_config": [
                  {
                    "enable_integrity_monitoring": true,
                    "enable_secure_boot": false
                  }
                ],
                "sole_tenant_config": [],
                "spot": false,
                "storage_pools": null,
                "tags": null,
                "taint": [],
                "windows_node_config": [
                  {
                    "osversion": ""
                  }
                ],
                "workload_metadata_config": []
              }
            ],
            "node_locations": [
              "us-central1-a",
              "us-central1-c",
              "us-central1-f"
            ],
            "node_pool": [
              {
                "autoscaling": [],
                "initial_node_count": 1,
                "instance_group_urls": [
                  "https://www.googleapis.com/compute/v1/projects/devops-project-460606/zones/us-central1-a/instanceGroupManagers/gke-devops-cluster-default-pool-1a1eedcf-grp",
                  "https://www.googleapis.com/compute/v1/projects/devops-project-460606/zones/us-central1-f/instanceGroupManagers/gke-devops-cluster-default-pool-6058014f-grp",
                  "https://www.googleapis.com/compute/v1/projects/devops-project-460606/zones/us-central1-c/instanceGroupManagers/gke-devops-cluster-default-pool-12951141-grp"
                ],
                "managed_instance_group_urls": [
                  "https://www.googleapis.com/compute/v1/projects/devops-project-460606/zones/us-central1-a/instanceGroups/gke-devops-cluster-default-pool-1a1eedcf-grp",
                  "https://www.googleapis.com/compute/v1/projects/devops-project-460606/zones/us-central1-f/instanceGroups/gke-devops-cluster-default-pool-6058014f-grp",
                  "https://www.googleapis.com/compute/v1/projects/devops-project-460606/zones/us-central1-c/instanceGroups/gke-devops-cluster-default-pool-12951141-grp"
                ],
                "management": [
                  {
                    "auto_repair": true,
                    "auto_upgrade": true
                  }
                ],
                "max_pods_per_node": 110,
                "name": "default-pool",
                "name_prefix": "",
                "network_config": [
                  {
                    "additional_node_network_configs": [],
                    "additional_pod_network_configs": [],
                    "create_pod_range": false,
                    "enable_private_nodes": false,
                    "network_performance_config": [],
                    "pod_cidr_overprovision_config": [],
                    "pod_ipv4_cidr_block": "10.68.0.0/14",
                    "pod_range": "gke-devops-cluster-pods-59127355"
                  }
                ],
                "node_config": [
                  {
                    "advanced_machine_features": [],
                    "boot_disk_kms_key": "",
                    "confidential_nodes": [],
                    "containerd_config": [],
                    "disk_size_gb": 100,
                    "disk_type": "pd-balanced",
                    "effective_taints": [],
                    "enable_confidential_storage": false,
                    "ephemeral_storage_local_ssd_config": [],
                    "fast_socket": [],
                    "gcfs_config": [],
                    "guest_accelerator": [],
                    "gvnic": [],
                    "host_maintenance_policy": [],
                    "image_type": "COS_CONTAINERD",
                    "kubelet_config": [
                      {
                        "allowed_unsafe_sysctls": [],
                        "container_log_max_files": 0,
                        "container_log_max_size": "",
                        "cpu_cfs_quota": false,
                        "cpu_cfs_quota_period": "",
                        "cpu_manager_policy": "",
                        "image_gc_high_threshold_percent": 0,
                        "image_gc_low_threshold_percent": 0,
                        "image_maximum_gc_age": "",
                        "image_minimum_gc_age": "",
                        "insecure_kubelet_readonly_port_enabled": "FALSE",
                        "pod_pids_limit": 0
                      }
                    ],
                    "labels": {},
                    "linux_node_config": [],
                    "local_nvme_ssd_block_config": [],
                    "local_ssd_count": 0,
                    "local_ssd_encryption_mode": "",
                    "logging_variant": "DEFAULT",
                    "machine_type": "e2-small",
                    "max_run_duration": "",
                    "metadata": {
                      "disable-legacy-endpoints": "true"
                    },
                    "min_cpu_platform": "",
                    "node_group": "",
                    "oauth_scopes": [
                      "https://www.googleapis.com/auth/cloud-platform"
                    ],
                    "preemptible": false,
                    "reservation_affinity": [],
                    "resource_labels": {
                      "goog-gke-node-pool-provisioning-model": "on-demand"
                    },
                    "resource_manager_tags": {},
                    "secondary_boot_disks": [],
                    "service_account": "default",
                    "shielded_instance_config": [
                      {
                        "enable_integrity_monitoring": true,
                        "enable_secure_boot": false
                      }
                    ],
                    "sole_tenant_config": [],
                    "spot": false,
                    "storage_pools": [],
                    "tags": [],
                    "taint": [],
                    "windows_node_config": [
                      {
                        "osversion": ""
                      }
                    ],
                    "workload_metadata_config": []
                  }
                ],
                "node_count": 1,
                "node_locations": [
                  "us-central1-a",
                  "us-central1-c",
                  "us-central1-f"
                ],
                "placement_policy": [],
                "queued_provisioning": [],
                "upgrade_settings": [
                  {
                    "blue_green_settings": [],
                    "max_surge": 1,
                    "max_unavailable": 0,
                    "strategy": "SURGE"
                  }
                ],
                "version": "1.32.3-gke.1785003"
              }
            ],
            "node_pool_auto_config": [
              {
                "linux_node_config": [],
                "network_tags": [],
                "node_kubelet_config": [
                  {
                    "insecure_kubelet_readonly_port_enabled": "FALSE"
                  }
                ],
                "resource_manager_tags": {}
              }
            ],
            "node_pool_defaults": [
              {
                "node_config_defaults": [
                  {
                    "containerd_config": [],
                    "gcfs_config": [],
                    "insecure_kubelet_readonly_port_enabled": "FALSE",
                    "logging_variant": "DEFAULT"
                  }
                ]
              }
            ],
            "node_version": "1.32.3-gke.1785003",
            "notification_config": [
              {
                "pubsub": [
                  {
                    "enabled": false,
                    "filter": [],
                    "topic": ""
                  }
                ]
              }
            ],
            "operation": null,
            "private_cluster_config": [
              {
                "enable_private_endpoint": false,
                "enable_private_nodes": false,
                "master_global_access_config": [
                  {
                    "enabled": false
                  }
                ],
                "master_ipv4_cidr_block": "",
                "peering_name": "",
                "private_endpoint": "10.128.0.2",
                "private_endpoint_subnetwork": "",
                "public_endpoint": "34.57.140.62"
              }
            ],
            "private_ipv6_google_access": "",
            "project": "devops-project-460606",
            "release_channel": [
              {
                "channel": "REGULAR"
              }
            ],
            "remove_default_node_pool": null,
            "resource_labels": null,
            "resource_usage_export_config": [],
            "secret_manager_config": [
              {
                "enabled": false
              }
            ],
            "security_posture_config": [
              {
                "mode": "BASIC",
                "vulnerability_mode": "VULNERABILITY_MODE_UNSPECIFIED"
              }
            ],
            "self_link": "https://container.googleapis.com/v1/projects/devops-project-460606/locations/us-central1/clusters/devops-cluster",
            "service_external_ips_config": [
              {
                "enabled": false
              }
            ],
            "services_ipv4_cidr": "34.118.224.0/20",
            "subnetwork": "projects/devops-project-460606/regions/us-central1/subnetworks/default",
            "terraform_labels": {
              "goog-terraform-provisioned": "true"
            },
            "timeouts": null,
            "tpu_ipv4_cidr_block": "",
            "user_managed_keys_config": [],
            "vertical_pod_autoscaling": [],
            "workload_identity_config": []
          },
          "sensitive_attributes": [
            [
              {
                "type": "get_attr",
                "value": "master_auth"
              },
              {
                "type": "index",
                "value": {
                  "value": 0,
                  "type": "number"
                }
              },
              {
                "type": "get_attr",
                "value": "client_key"
              }
            ]
          ],
          "identity_schema_version": 0,
          "private": "eyJlMmJmYjczMC1lY2FhLTExZTYtOGY4OC0zNDM2M2JjN2M0YzAiOnsiY3JlYXRlIjoyNDAwMDAwMDAwMDAwLCJkZWxldGUiOjI0MDAwMDAwMDAwMDAsInJlYWQiOjI0MDAwMDAwMDAwMDAsInVwZGF0ZSI6MzYwMDAwMDAwMDAwMH0sInNjaGVtYV92ZXJzaW9uIjoiMiJ9"
        }
      ]
    }
  ],
  "check_results": null
}
